
Microsoft Visual Studio Solution File, Format Version 12.00
# Visual Studio 15
VisualStudioVersion = 15.0.28010.2019
MinimumVisualStudioVersion = 10.0.40219.1
Project("{8BC9CEB8-8B4A-11D0-8D11-00A0C91BC942}") = "al-l1-e1", "al-l1-e1\al-l1-e1.vcxproj", "{B4FC14C9-BE99-4C06-BD1C-CD0CE493D97E}"
EndProject
Global
	GlobalSection(SolutionConfigurationPlatforms) = preSolution
		Debug|x64 = Debug|x64
		Debug|x86 = Debug|x86
		Release|x64 = Release|x64
		Release|x86 = Release|x86
	EndGlobalSection
	GlobalSection(ProjectConfigurationPlatforms) = postSolution
		{B4FC14C9-BE99-4C06-BD1C-CD0CE493D97E}.Debug|x64.ActiveCfg = Debug|x64
		{B4FC14C9-BE99-4C06-BD1C-CD0CE493D97E}.Debug|x64.Build.0 = Debug|x64
		{B4FC14C9-BE99-4C06-BD1C-CD0CE493D97E}.Debug|x86.ActiveCfg = Debug|Win32
		{B4FC14C9-BE99-4C06-BD1C-CD0CE493D97E}.Debug|x86.Build.0 = Debug|Win32
		{B4FC14C9-BE99-4C06-BD1C-CD0CE493D97E}.Release|x64.ActiveCfg = Release|x64
		{B4FC14C9-BE99-4C06-BD1C-CD0CE493D97E}.Release|x64.Build.0 = Release|x64
		{B4FC14C9-BE99-4C06-BD1C-CD0CE493D97E}.Release|x86.ActiveCfg = Release|Win32
		{B4FC14C9-BE99-4C06-BD1C-CD0CE493D97E}.Release|x86.Build.0 = Release|Win32
	EndGlobalSection
	GlobalSection(SolutionProperties) = preSolution
		HideSolutionNode = FALSE
	EndGlobalSection
	GlobalSection(ExtensibilityGlobals) = postSolution
		SolutionGuid = {301C8497-DA33-4BB5-B03A-A192551D1028}
	EndGlobalSection
EndGlobal
