
Microsoft Visual Studio Solution File, Format Version 12.00
# Visual Studio 15
VisualStudioVersion = 15.0.28010.2019
MinimumVisualStudioVersion = 10.0.40219.1
Project("{8BC9CEB8-8B4A-11D0-8D11-00A0C91BC942}") = "typescplusplus", "typescplusplus\typescplusplus.vcxproj", "{4B89FAA4-EE4D-48FD-9DF7-7E89D5569413}"
EndProject
Global
	GlobalSection(SolutionConfigurationPlatforms) = preSolution
		Debug|x64 = Debug|x64
		Debug|x86 = Debug|x86
		Release|x64 = Release|x64
		Release|x86 = Release|x86
	EndGlobalSection
	GlobalSection(ProjectConfigurationPlatforms) = postSolution
		{4B89FAA4-EE4D-48FD-9DF7-7E89D5569413}.Debug|x64.ActiveCfg = Debug|x64
		{4B89FAA4-EE4D-48FD-9DF7-7E89D5569413}.Debug|x64.Build.0 = Debug|x64
		{4B89FAA4-EE4D-48FD-9DF7-7E89D5569413}.Debug|x86.ActiveCfg = Debug|Win32
		{4B89FAA4-EE4D-48FD-9DF7-7E89D5569413}.Debug|x86.Build.0 = Debug|Win32
		{4B89FAA4-EE4D-48FD-9DF7-7E89D5569413}.Release|x64.ActiveCfg = Release|x64
		{4B89FAA4-EE4D-48FD-9DF7-7E89D5569413}.Release|x64.Build.0 = Release|x64
		{4B89FAA4-EE4D-48FD-9DF7-7E89D5569413}.Release|x86.ActiveCfg = Release|Win32
		{4B89FAA4-EE4D-48FD-9DF7-7E89D5569413}.Release|x86.Build.0 = Release|Win32
	EndGlobalSection
	GlobalSection(SolutionProperties) = preSolution
		HideSolutionNode = FALSE
	EndGlobalSection
	GlobalSection(ExtensibilityGlobals) = postSolution
		SolutionGuid = {08EF2FC5-A702-406A-A20B-99E477921E46}
	EndGlobalSection
EndGlobal
